
Microsoft Visual Studio Solution File, Format Version 12.00
# Visual Studio 15
VisualStudioVersion = 15.0.27703.2035
MinimumVisualStudioVersion = 10.0.40219.1
Project("{FAE04EC0-301F-11D3-BF4B-00C04F79EFBC}") = "Trato.Android", "Trato\Trato.Android\Trato.Android.csproj", "{8DE49955-7AF5-4E9F-A074-CC42E424770F}"
EndProject
Project("{FAE04EC0-301F-11D3-BF4B-00C04F79EFBC}") = "Trato.iOS", "Trato\Trato.iOS\Trato.iOS.csproj", "{8A4AA535-184E-4983-89ED-D201A4B95059}"
EndProject
Project("{FAE04EC0-301F-11D3-BF4B-00C04F79EFBC}") = "Trato", "Trato\Trato\Trato.csproj", "{836A9D76-73EE-400C-91EE-81D95837F9F2}"
EndProject
Global
	GlobalSection(SolutionConfigurationPlatforms) = preSolution
		Debug|Any CPU = Debug|Any CPU
		Debug|iPhone = Debug|iPhone
		Debug|iPhoneSimulator = Debug|iPhoneSimulator
		Release|Any CPU = Release|Any CPU
		Release|iPhone = Release|iPhone
		Release|iPhoneSimulator = Release|iPhoneSimulator
	EndGlobalSection
	GlobalSection(ProjectConfigurationPlatforms) = postSolution
		{8DE49955-7AF5-4E9F-A074-CC42E424770F}.Debug|Any CPU.ActiveCfg = Debug|Any CPU
		{8DE49955-7AF5-4E9F-A074-CC42E424770F}.Debug|Any CPU.Build.0 = Debug|Any CPU
		{8DE49955-7AF5-4E9F-A074-CC42E424770F}.Debug|Any CPU.Deploy.0 = Debug|Any CPU
		{8DE49955-7AF5-4E9F-A074-CC42E424770F}.Debug|iPhone.ActiveCfg = Debug|Any CPU
		{8DE49955-7AF5-4E9F-A074-CC42E424770F}.Debug|iPhone.Build.0 = Debug|Any CPU
		{8DE49955-7AF5-4E9F-A074-CC42E424770F}.Debug|iPhone.Deploy.0 = Debug|Any CPU
		{8DE49955-7AF5-4E9F-A074-CC42E424770F}.Debug|iPhoneSimulator.ActiveCfg = Debug|Any CPU
		{8DE49955-7AF5-4E9F-A074-CC42E424770F}.Debug|iPhoneSimulator.Build.0 = Debug|Any CPU
		{8DE49955-7AF5-4E9F-A074-CC42E424770F}.Debug|iPhoneSimulator.Deploy.0 = Debug|Any CPU
		{8DE49955-7AF5-4E9F-A074-CC42E424770F}.Release|Any CPU.ActiveCfg = Release|Any CPU
		{8DE49955-7AF5-4E9F-A074-CC42E424770F}.Release|Any CPU.Build.0 = Release|Any CPU
		{8DE49955-7AF5-4E9F-A074-CC42E424770F}.Release|Any CPU.Deploy.0 = Release|Any CPU
		{8DE49955-7AF5-4E9F-A074-CC42E424770F}.Release|iPhone.ActiveCfg = Release|Any CPU
		{8DE49955-7AF5-4E9F-A074-CC42E424770F}.Release|iPhone.Build.0 = Release|Any CPU
		{8DE49955-7AF5-4E9F-A074-CC42E424770F}.Release|iPhone.Deploy.0 = Release|Any CPU
		{8DE49955-7AF5-4E9F-A074-CC42E424770F}.Release|iPhoneSimulator.ActiveCfg = Release|Any CPU
		{8DE49955-7AF5-4E9F-A074-CC42E424770F}.Release|iPhoneSimulator.Build.0 = Release|Any CPU
		{8DE49955-7AF5-4E9F-A074-CC42E424770F}.Release|iPhoneSimulator.Deploy.0 = Release|Any CPU
		{8A4AA535-184E-4983-89ED-D201A4B95059}.Debug|Any CPU.ActiveCfg = Debug|iPhoneSimulator
		{8A4AA535-184E-4983-89ED-D201A4B95059}.Debug|Any CPU.Build.0 = Debug|iPhoneSimulator
		{8A4AA535-184E-4983-89ED-D201A4B95059}.Debug|Any CPU.Deploy.0 = Debug|iPhoneSimulator
		{8A4AA535-184E-4983-89ED-D201A4B95059}.Debug|iPhone.ActiveCfg = Debug|iPhone
		{8A4AA535-184E-4983-89ED-D201A4B95059}.Debug|iPhone.Build.0 = Debug|iPhone
		{8A4AA535-184E-4983-89ED-D201A4B95059}.Debug|iPhone.Deploy.0 = Debug|iPhone
		{8A4AA535-184E-4983-89ED-D201A4B95059}.Debug|iPhoneSimulator.ActiveCfg = Debug|iPhoneSimulator
		{8A4AA535-184E-4983-89ED-D201A4B95059}.Debug|iPhoneSimulator.Build.0 = Debug|iPhoneSimulator
		{8A4AA535-184E-4983-89ED-D201A4B95059}.Debug|iPhoneSimulator.Deploy.0 = Debug|iPhoneSimulator
		{8A4AA535-184E-4983-89ED-D201A4B95059}.Release|Any CPU.ActiveCfg = Release|iPhone
		{8A4AA535-184E-4983-89ED-D201A4B95059}.Release|Any CPU.Build.0 = Release|iPhone
		{8A4AA535-184E-4983-89ED-D201A4B95059}.Release|Any CPU.Deploy.0 = Release|iPhone
		{8A4AA535-184E-4983-89ED-D201A4B95059}.Release|iPhone.ActiveCfg = Release|iPhone
		{8A4AA535-184E-4983-89ED-D201A4B95059}.Release|iPhone.Build.0 = Release|iPhone
		{8A4AA535-184E-4983-89ED-D201A4B95059}.Release|iPhone.Deploy.0 = Release|iPhone
		{8A4AA535-184E-4983-89ED-D201A4B95059}.Release|iPhoneSimulator.ActiveCfg = Release|iPhoneSimulator
		{8A4AA535-184E-4983-89ED-D201A4B95059}.Release|iPhoneSimulator.Build.0 = Release|iPhoneSimulator
		{8A4AA535-184E-4983-89ED-D201A4B95059}.Release|iPhoneSimulator.Deploy.0 = Release|iPhoneSimulator
		{836A9D76-73EE-400C-91EE-81D95837F9F2}.Debug|Any CPU.ActiveCfg = Debug|Any CPU
		{836A9D76-73EE-400C-91EE-81D95837F9F2}.Debug|Any CPU.Build.0 = Debug|Any CPU
		{836A9D76-73EE-400C-91EE-81D95837F9F2}.Debug|Any CPU.Deploy.0 = Debug|Any CPU
		{836A9D76-73EE-400C-91EE-81D95837F9F2}.Debug|iPhone.ActiveCfg = Debug|Any CPU
		{836A9D76-73EE-400C-91EE-81D95837F9F2}.Debug|iPhone.Build.0 = Debug|Any CPU
		{836A9D76-73EE-400C-91EE-81D95837F9F2}.Debug|iPhone.Deploy.0 = Debug|Any CPU
		{836A9D76-73EE-400C-91EE-81D95837F9F2}.Debug|iPhoneSimulator.ActiveCfg = Debug|Any CPU
		{836A9D76-73EE-400C-91EE-81D95837F9F2}.Debug|iPhoneSimulator.Build.0 = Debug|Any CPU
		{836A9D76-73EE-400C-91EE-81D95837F9F2}.Debug|iPhoneSimulator.Deploy.0 = Debug|Any CPU
		{836A9D76-73EE-400C-91EE-81D95837F9F2}.Release|Any CPU.ActiveCfg = Release|Any CPU
		{836A9D76-73EE-400C-91EE-81D95837F9F2}.Release|Any CPU.Build.0 = Release|Any CPU
		{836A9D76-73EE-400C-91EE-81D95837F9F2}.Release|Any CPU.Deploy.0 = Release|Any CPU
		{836A9D76-73EE-400C-91EE-81D95837F9F2}.Release|iPhone.ActiveCfg = Release|Any CPU
		{836A9D76-73EE-400C-91EE-81D95837F9F2}.Release|iPhone.Build.0 = Release|Any CPU
		{836A9D76-73EE-400C-91EE-81D95837F9F2}.Release|iPhone.Deploy.0 = Release|Any CPU
		{836A9D76-73EE-400C-91EE-81D95837F9F2}.Release|iPhoneSimulator.ActiveCfg = Release|Any CPU
		{836A9D76-73EE-400C-91EE-81D95837F9F2}.Release|iPhoneSimulator.Build.0 = Release|Any CPU
		{836A9D76-73EE-400C-91EE-81D95837F9F2}.Release|iPhoneSimulator.Deploy.0 = Release|Any CPU
	EndGlobalSection
	GlobalSection(SolutionProperties) = preSolution
		HideSolutionNode = FALSE
	EndGlobalSection
	GlobalSection(ExtensibilityGlobals) = postSolution
		SolutionGuid = {B7846FE6-2A1E-43E8-B211-9C0A99D0D2EC}
	EndGlobalSection
EndGlobal
